
Microsoft Visual Studio Solution File, Format Version 12.00
# Visual Studio 2015
Project("{FAE04EC0-301F-11D3-BF4B-00C04F79EFBC}") = "BlockBreaker Vive", "BlockBreaker Vive.csproj", "{92168C17-E320-B4D6-BDD2-F67F224C334A}"
EndProject
Project("{FAE04EC0-301F-11D3-BF4B-00C04F79EFBC}") = "BlockBreaker Vive.Editor", "BlockBreaker Vive.Editor.csproj", "{39720B29-FE34-40DA-32D3-CDD2B0B4C320}"
EndProject
Global
	GlobalSection(SolutionConfigurationPlatforms) = preSolution
		Debug|Any CPU = Debug|Any CPU
		Release|Any CPU = Release|Any CPU
	EndGlobalSection
	GlobalSection(ProjectConfigurationPlatforms) = postSolution
		{92168C17-E320-B4D6-BDD2-F67F224C334A}.Debug|Any CPU.ActiveCfg = Debug|Any CPU
		{92168C17-E320-B4D6-BDD2-F67F224C334A}.Debug|Any CPU.Build.0 = Debug|Any CPU
		{92168C17-E320-B4D6-BDD2-F67F224C334A}.Release|Any CPU.ActiveCfg = Release|Any CPU
		{92168C17-E320-B4D6-BDD2-F67F224C334A}.Release|Any CPU.Build.0 = Release|Any CPU
		{39720B29-FE34-40DA-32D3-CDD2B0B4C320}.Debug|Any CPU.ActiveCfg = Debug|Any CPU
		{39720B29-FE34-40DA-32D3-CDD2B0B4C320}.Debug|Any CPU.Build.0 = Debug|Any CPU
		{39720B29-FE34-40DA-32D3-CDD2B0B4C320}.Release|Any CPU.ActiveCfg = Release|Any CPU
		{39720B29-FE34-40DA-32D3-CDD2B0B4C320}.Release|Any CPU.Build.0 = Release|Any CPU
	EndGlobalSection
	GlobalSection(SolutionProperties) = preSolution
		HideSolutionNode = FALSE
	EndGlobalSection
EndGlobal
